{
  "version": 4,
  "terraform_version": "1.14.1",
  "serial": 232,
  "lineage": "0c69b586-3858-04f6-ffad-136ddaef96a2",
  "outputs": {
    "api_base_url": {
      "value": "https://jzbgkwtk8i.execute-api.us-east-1.amazonaws.com/api",
      "type": "string"
    },
    "api_url": {
      "value": "https://jzbgkwtk8i.execute-api.us-east-1.amazonaws.com",
      "type": "string"
    },
    "health_url": {
      "value": "https://jzbgkwtk8i.execute-api.us-east-1.amazonaws.com/health",
      "type": "string"
    },
    "rds_endpoint": {
      "value": "moneysplit-mysql.cngegc2au5rb.us-east-1.rds.amazonaws.com",
      "type": "string"
    },
    "vpc_id": {
      "value": "vpc-0f48baf626eb75ee3",
      "type": "string"
    }
  },
  "resources": [
    {
      "mode": "data",
      "type": "archive_file",
      "name": "lambda_zip",
      "provider": "provider[\"registry.terraform.io/hashicorp/archive\"]",
      "instances": [
        {
          "schema_version": 0,
          "attributes": {
            "exclude_symlink_directories": null,
            "excludes": null,
            "id": "e04d05c43c529d7bc20de26633d531c26cfeb2ef",
            "output_base64sha256": "oebp9hinjWKySVWTxqBnv7nZqidHygRG8buHUvSKeYU=",
            "output_base64sha512": "G+6SmUOKB432n/EJ6XQs286rV0LVS53aRFHwDOfmxd01kns07jyMBvy5kLcCToIT6srJKanmpdAROu9PDKOJxQ==",
            "output_file_mode": null,
            "output_md5": "b8e3a444db53352354a6719681bcbf1e",
            "output_path": "./build/lambda.zip",
            "output_sha": "e04d05c43c529d7bc20de26633d531c26cfeb2ef",
            "output_sha256": "a1e6e9f618a78d62b2495593c6a067bfb9d9aa2747ca0446f1bb8752f48a7985",
            "output_sha512": "1bee9299438a078df69ff109e9742cdbceab5742d54b9dda4451f00ce7e6c5dd35927b34ee3c8c06fcb990b7024e8213eacac929a9e6a5d0113aef4f0ca389c5",
            "output_size": 30039352,
            "source": [],
            "source_content": null,
            "source_content_filename": null,
            "source_dir": "./build/lambda_pkg",
            "source_file": null,
            "type": "zip"
          },
          "sensitive_attributes": [],
          "identity_schema_version": 0
        }
      ]
    },
    {
      "mode": "data",
      "type": "aws_availability_zones",
      "name": "available",
      "provider": "provider[\"registry.terraform.io/hashicorp/aws\"]",
      "instances": [
        {
          "schema_version": 0,
          "attributes": {
            "all_availability_zones": null,
            "exclude_names": null,
            "exclude_zone_ids": null,
            "filter": null,
            "group_names": [
              "us-east-1-zg-1"
            ],
            "id": "us-east-1",
            "names": [
              "us-east-1a",
              "us-east-1b",
              "us-east-1c",
              "us-east-1d",
              "us-east-1e",
              "us-east-1f"
            ],
            "region": "us-east-1",
            "state": null,
            "timeouts": null,
            "zone_ids": [
              "use1-az2",
              "use1-az4",
              "use1-az6",
              "use1-az1",
              "use1-az3",
              "use1-az5"
            ]
          },
          "sensitive_attributes": [],
          "identity_schema_version": 0
        }
      ]
    },
    {
      "mode": "data",
      "type": "aws_caller_identity",
      "name": "current",
      "provider": "provider[\"registry.terraform.io/hashicorp/aws\"]",
      "instances": [
        {
          "schema_version": 0,
          "attributes": {
            "account_id": "339713050718",
            "arn": "arn:aws:sts::339713050718:assumed-role/voclabs/user3096981=Jazib_Ahmad",
            "id": "339713050718",
            "user_id": "AROAU6GDZZBPNKQKXVZWU:user3096981=Jazib_Ahmad"
          },
          "sensitive_attributes": [],
          "identity_schema_version": 0
        }
      ]
    },
    {
      "mode": "data",
      "type": "aws_iam_role",
      "name": "this",
      "provider": "provider[\"registry.terraform.io/hashicorp/aws\"]",
      "instances": [
        {
          "schema_version": 0,
          "attributes": {
            "arn": "arn:aws:iam::339713050718:role/LabRole",
            "assume_role_policy": "{\"Version\":\"2012-10-17\",\"Statement\":[{\"Effect\":\"Allow\",\"Principal\":{\"AWS\":\"arn:aws:iam::339713050718:role/LabRole\",\"Service\":[\"cloudtrail.amazonaws.com\",\"glue.amazonaws.com\",\"ec2.amazonaws.com\",\"iotanalytics.amazonaws.com\",\"sns.amazonaws.com\",\"iot.amazonaws.com\",\"ecs-tasks.amazonaws.com\",\"cloud9.amazonaws.com\",\"secretsmanager.amazonaws.com\",\"credentials.iot.amazonaws.com\",\"databrew.amazonaws.com\",\"athena.amazonaws.com\",\"redshift.amazonaws.com\",\"codedeploy.amazonaws.com\",\"codewhisperer.amazonaws.com\",\"lambda.amazonaws.com\",\"application-autoscaling.amazonaws.com\",\"ecs.amazonaws.com\",\"elasticfilesystem.amazonaws.com\",\"cloudformation.amazonaws.com\",\"elasticloadbalancing.amazonaws.com\",\"rekognition.amazonaws.com\",\"eks.amazonaws.com\",\"ec2.application-autoscaling.amazonaws.com\",\"sqs.amazonaws.com\",\"apigateway.amazonaws.com\",\"eks-fargate-pods.amazonaws.com\",\"deepracer.amazonaws.com\",\"s3.amazonaws.com\",\"cognito-idp.amazonaws.com\",\"elasticmapreduce.amazonaws.com\",\"states.amazonaws.com\",\"forecast.amazonaws.com\",\"kinesis.amazonaws.com\",\"backup.amazonaws.com\",\"kinesisanalytics.amazonaws.com\",\"pipes.amazonaws.com\",\"resource-groups.amazonaws.com\",\"rds.amazonaws.com\",\"scheduler.amazonaws.com\",\"autoscaling.amazonaws.com\",\"batch.amazonaws.com\",\"servicecatalog.amazonaws.com\",\"kms.amazonaws.com\",\"ssm.amazonaws.com\",\"sagemaker.amazonaws.com\",\"dynamodb.amazonaws.com\",\"elasticbeanstalk.amazonaws.com\",\"iotevents.amazonaws.com\",\"codecommit.amazonaws.com\",\"firehose.amazonaws.com\",\"logs.amazonaws.com\",\"events.amazonaws.com\"]},\"Action\":\"sts:AssumeRole\"}]}",
            "create_date": "2025-12-18T23:56:42Z",
            "description": "",
            "id": "LabRole",
            "max_session_duration": 3600,
            "name": "LabRole",
            "path": "/",
            "permissions_boundary": "",
            "role_last_used": [
              {
                "last_used_date": "2025-12-20T02:45:28Z",
                "region": "us-east-1"
              }
            ],
            "tags": {
              "cloudlab": "c180403a4643054l12987487t1w339713050718"
            },
            "unique_id": "AROAU6GDZZBPEJRZBMB5W"
          },
          "sensitive_attributes": [],
          "identity_schema_version": 0
        }
      ]
    },
    {
      "mode": "data",
      "type": "aws_region",
      "name": "current",
      "provider": "provider[\"registry.terraform.io/hashicorp/aws\"]",
      "instances": [
        {
          "schema_version": 0,
          "attributes": {
            "description": "US East (N. Virginia)",
            "endpoint": "ec2.us-east-1.amazonaws.com",
            "id": "us-east-1",
            "name": "us-east-1",
            "region": "us-east-1"
          },
          "sensitive_attributes": [],
          "identity_schema_version": 0
        }
      ]
    },
    {
      "mode": "managed",
      "type": "aws_apigatewayv2_api",
      "name": "http",
      "provider": "provider[\"registry.terraform.io/hashicorp/aws\"]",
      "instances": [
        {
          "schema_version": 0,
          "attributes": {
            "api_endpoint": "https://jzbgkwtk8i.execute-api.us-east-1.amazonaws.com",
            "api_key_selection_expression": "$request.header.x-api-key",
            "arn": "arn:aws:apigateway:us-east-1::/apis/jzbgkwtk8i",
            "body": null,
            "cors_configuration": [
              {
                "allow_credentials": false,
                "allow_headers": [
                  "authorization",
                  "content-type"
                ],
                "allow_methods": [
                  "DELETE",
                  "GET",
                  "OPTIONS",
                  "PATCH",
                  "POST",
                  "PUT"
                ],
                "allow_origins": [
                  "http://localhost:5173",
                  "https://staging.d3n1f6zzl37or0.amplifyapp.com"
                ],
                "expose_headers": [],
                "max_age": 3600
              }
            ],
            "credentials_arn": null,
            "description": "",
            "disable_execute_api_endpoint": false,
            "execution_arn": "arn:aws:execute-api:us-east-1:339713050718:jzbgkwtk8i",
            "fail_on_warnings": null,
            "id": "jzbgkwtk8i",
            "ip_address_type": "ipv4",
            "name": "moneysplit-http-api",
            "protocol_type": "HTTP",
            "region": "us-east-1",
            "route_key": null,
            "route_selection_expression": "$request.method $request.path",
            "tags": {},
            "tags_all": {},
            "target": null,
            "version": ""
          },
          "sensitive_attributes": [],
          "identity_schema_version": 0,
          "private": "bnVsbA=="
        }
      ]
    },
    {
      "mode": "managed",
      "type": "aws_apigatewayv2_authorizer",
      "name": "cognito_jwt",
      "provider": "provider[\"registry.terraform.io/hashicorp/aws\"]",
      "instances": [
        {
          "schema_version": 0,
          "attributes": {
            "api_id": "jzbgkwtk8i",
            "authorizer_credentials_arn": "",
            "authorizer_payload_format_version": "",
            "authorizer_result_ttl_in_seconds": 0,
            "authorizer_type": "JWT",
            "authorizer_uri": "",
            "enable_simple_responses": false,
            "id": "3o8us0",
            "identity_sources": [
              "$request.header.Authorization"
            ],
            "jwt_configuration": [
              {
                "audience": [
                  "1rklqddq4n4a4huu8c15o4ao06"
                ],
                "issuer": "https://cognito-idp.us-east-1.amazonaws.com/us-east-1_kPz74WmSI"
              }
            ],
            "name": "moneysplit-cognito-jwt",
            "region": "us-east-1",
            "timeouts": null
          },
          "sensitive_attributes": [],
          "identity_schema_version": 0,
          "private": "eyJlMmJmYjczMC1lY2FhLTExZTYtOGY4OC0zNDM2M2JjN2M0YzAiOnsiZGVsZXRlIjoxODAwMDAwMDAwMDAwfX0=",
          "dependencies": [
            "aws_apigatewayv2_api.http",
            "aws_cognito_user_pool.this",
            "aws_cognito_user_pool_client.this",
            "data.aws_region.current"
          ]
        }
      ]
    },
    {
      "mode": "managed",
      "type": "aws_apigatewayv2_integration",
      "name": "lambda",
      "provider": "provider[\"registry.terraform.io/hashicorp/aws\"]",
      "instances": [
        {
          "schema_version": 0,
          "attributes": {
            "api_id": "jzbgkwtk8i",
            "connection_id": "",
            "connection_type": "INTERNET",
            "content_handling_strategy": "",
            "credentials_arn": "",
            "description": "",
            "id": "iesa0o4",
            "integration_method": "POST",
            "integration_response_selection_expression": "",
            "integration_subtype": "",
            "integration_type": "AWS_PROXY",
            "integration_uri": "arn:aws:lambda:us-east-1:339713050718:function:moneysplit-backend",
            "passthrough_behavior": "",
            "payload_format_version": "2.0",
            "region": "us-east-1",
            "request_parameters": {},
            "request_templates": {},
            "response_parameters": [],
            "template_selection_expression": "",
            "timeout_milliseconds": 29000,
            "tls_config": []
          },
          "sensitive_attributes": [],
          "identity_schema_version": 0,
          "private": "bnVsbA==",
          "dependencies": [
            "aws_apigatewayv2_api.http",
            "aws_db_instance.mysql",
            "aws_db_subnet_group.rds_public",
            "aws_kms_key.rds",
            "aws_lambda_function.backend",
            "aws_security_group.lambda_sg",
            "aws_security_group.rds_sg",
            "aws_subnet.private",
            "aws_subnet.public",
            "aws_vpc.main",
            "data.archive_file.lambda_zip",
            "data.aws_availability_zones.available",
            "data.aws_iam_role.this",
            "null_resource.build_lambda"
          ]
        }
      ]
    },
    {
      "mode": "managed",
      "type": "aws_apigatewayv2_route",
      "name": "api_options_proxy",
      "provider": "provider[\"registry.terraform.io/hashicorp/aws\"]",
      "instances": [
        {
          "schema_version": 0,
          "attributes": {
            "api_id": "jzbgkwtk8i",
            "api_key_required": false,
            "authorization_scopes": [],
            "authorization_type": "NONE",
            "authorizer_id": "",
            "id": "2cbzap4",
            "model_selection_expression": "",
            "operation_name": "",
            "region": "us-east-1",
            "request_models": {},
            "request_parameter": [],
            "route_key": "OPTIONS /api/{proxy+}",
            "route_response_selection_expression": "",
            "target": "integrations/iesa0o4"
          },
          "sensitive_attributes": [],
          "identity_schema_version": 0,
          "private": "bnVsbA==",
          "dependencies": [
            "aws_apigatewayv2_api.http",
            "aws_apigatewayv2_integration.lambda",
            "aws_db_instance.mysql",
            "aws_db_subnet_group.rds_public",
            "aws_kms_key.rds",
            "aws_lambda_function.backend",
            "aws_security_group.lambda_sg",
            "aws_security_group.rds_sg",
            "aws_subnet.private",
            "aws_subnet.public",
            "aws_vpc.main",
            "data.archive_file.lambda_zip",
            "data.aws_availability_zones.available",
            "data.aws_iam_role.this",
            "null_resource.build_lambda"
          ]
        }
      ]
    },
    {
      "mode": "managed",
      "type": "aws_apigatewayv2_route",
      "name": "api_proxy",
      "provider": "provider[\"registry.terraform.io/hashicorp/aws\"]",
      "instances": [
        {
          "schema_version": 0,
          "attributes": {
            "api_id": "jzbgkwtk8i",
            "api_key_required": false,
            "authorization_scopes": [],
            "authorization_type": "JWT",
            "authorizer_id": "3o8us0",
            "id": "32clr7f",
            "model_selection_expression": "",
            "operation_name": "",
            "region": "us-east-1",
            "request_models": {},
            "request_parameter": [],
            "route_key": "ANY /api/{proxy+}",
            "route_response_selection_expression": "",
            "target": "integrations/iesa0o4"
          },
          "sensitive_attributes": [],
          "identity_schema_version": 0,
          "private": "bnVsbA==",
          "dependencies": [
            "aws_apigatewayv2_api.http",
            "aws_apigatewayv2_authorizer.cognito_jwt",
            "aws_apigatewayv2_integration.lambda",
            "aws_cognito_user_pool.this",
            "aws_cognito_user_pool_client.this",
            "aws_db_instance.mysql",
            "aws_db_subnet_group.rds_public",
            "aws_kms_key.rds",
            "aws_lambda_function.backend",
            "aws_security_group.lambda_sg",
            "aws_security_group.rds_sg",
            "aws_subnet.private",
            "aws_subnet.public",
            "aws_vpc.main",
            "data.archive_file.lambda_zip",
            "data.aws_availability_zones.available",
            "data.aws_iam_role.this",
            "data.aws_region.current",
            "null_resource.build_lambda"
          ]
        }
      ]
    },
    {
      "mode": "managed",
      "type": "aws_apigatewayv2_route",
      "name": "health",
      "provider": "provider[\"registry.terraform.io/hashicorp/aws\"]",
      "instances": [
        {
          "schema_version": 0,
          "attributes": {
            "api_id": "jzbgkwtk8i",
            "api_key_required": false,
            "authorization_scopes": [],
            "authorization_type": "NONE",
            "authorizer_id": "",
            "id": "k2i92v2",
            "model_selection_expression": "",
            "operation_name": "",
            "region": "us-east-1",
            "request_models": {},
            "request_parameter": [],
            "route_key": "GET /health",
            "route_response_selection_expression": "",
            "target": "integrations/iesa0o4"
          },
          "sensitive_attributes": [],
          "identity_schema_version": 0,
          "private": "bnVsbA==",
          "dependencies": [
            "aws_apigatewayv2_api.http",
            "aws_apigatewayv2_integration.lambda",
            "aws_db_instance.mysql",
            "aws_db_subnet_group.rds_public",
            "aws_kms_key.rds",
            "aws_lambda_function.backend",
            "aws_security_group.lambda_sg",
            "aws_security_group.rds_sg",
            "aws_subnet.private",
            "aws_subnet.public",
            "aws_vpc.main",
            "data.archive_file.lambda_zip",
            "data.aws_availability_zones.available",
            "data.aws_iam_role.this",
            "null_resource.build_lambda"
          ]
        }
      ]
    },
    {
      "mode": "managed",
      "type": "aws_apigatewayv2_stage",
      "name": "default",
      "provider": "provider[\"registry.terraform.io/hashicorp/aws\"]",
      "instances": [
        {
          "schema_version": 0,
          "attributes": {
            "access_log_settings": [
              {
                "destination_arn": "arn:aws:logs:us-east-1:339713050718:log-group:/aws/http-api/moneysplit",
                "format": "{\"httpMethod\":\"$context.httpMethod\",\"integrationErrorMessage\":\"$context.integrationErrorMessage\",\"path\":\"$context.path\",\"requestId\":\"$context.requestId\",\"requestTime\":\"$context.requestTime\",\"responseLength\":\"$context.responseLength\",\"routeKey\":\"$context.routeKey\",\"sourceIp\":\"$context.identity.sourceIp\",\"status\":\"$context.status\"}"
              }
            ],
            "api_id": "jzbgkwtk8i",
            "arn": "arn:aws:apigateway:us-east-1::/apis/jzbgkwtk8i/stages/$default",
            "auto_deploy": true,
            "client_certificate_id": "",
            "default_route_settings": [
              {
                "data_trace_enabled": false,
                "detailed_metrics_enabled": true,
                "logging_level": "",
                "throttling_burst_limit": 100,
                "throttling_rate_limit": 50
              }
            ],
            "deployment_id": "94ontn",
            "description": "",
            "execution_arn": "arn:aws:execute-api:us-east-1:339713050718:jzbgkwtk8i/$default",
            "id": "$default",
            "invoke_url": "https://jzbgkwtk8i.execute-api.us-east-1.amazonaws.com/",
            "name": "$default",
            "region": "us-east-1",
            "route_settings": [],
            "stage_variables": {},
            "tags": {},
            "tags_all": {}
          },
          "sensitive_attributes": [],
          "identity_schema_version": 0,
          "private": "bnVsbA==",
          "dependencies": [
            "aws_apigatewayv2_api.http",
            "aws_cloudwatch_log_group.apigw"
          ]
        }
      ]
    },
    {
      "mode": "managed",
      "type": "aws_cloudwatch_log_group",
      "name": "apigw",
      "provider": "provider[\"registry.terraform.io/hashicorp/aws\"]",
      "instances": [
        {
          "schema_version": 0,
          "attributes": {
            "arn": "arn:aws:logs:us-east-1:339713050718:log-group:/aws/http-api/moneysplit",
            "deletion_protection_enabled": false,
            "id": "/aws/http-api/moneysplit",
            "kms_key_id": "",
            "log_group_class": "STANDARD",
            "name": "/aws/http-api/moneysplit",
            "name_prefix": "",
            "region": "us-east-1",
            "retention_in_days": 14,
            "skip_destroy": false,
            "tags": {},
            "tags_all": {}
          },
          "sensitive_attributes": [],
          "identity_schema_version": 0,
          "identity": {
            "account_id": "339713050718",
            "name": "/aws/http-api/moneysplit",
            "region": "us-east-1"
          },
          "private": "bnVsbA=="
        }
      ]
    },
    {
      "mode": "managed",
      "type": "aws_cloudwatch_log_group",
      "name": "lambda",
      "provider": "provider[\"registry.terraform.io/hashicorp/aws\"]",
      "instances": [
        {
          "schema_version": 0,
          "attributes": {
            "arn": "arn:aws:logs:us-east-1:339713050718:log-group:/aws/lambda/moneysplit-backend",
            "deletion_protection_enabled": false,
            "id": "/aws/lambda/moneysplit-backend",
            "kms_key_id": "",
            "log_group_class": "STANDARD",
            "name": "/aws/lambda/moneysplit-backend",
            "name_prefix": "",
            "region": "us-east-1",
            "retention_in_days": 14,
            "skip_destroy": false,
            "tags": {},
            "tags_all": {}
          },
          "sensitive_attributes": [],
          "identity_schema_version": 0,
          "identity": {
            "account_id": "339713050718",
            "name": "/aws/lambda/moneysplit-backend",
            "region": "us-east-1"
          },
          "private": "bnVsbA==",
          "dependencies": [
            "aws_db_instance.mysql",
            "aws_db_subnet_group.rds_public",
            "aws_kms_key.rds",
            "aws_lambda_function.backend",
            "aws_security_group.lambda_sg",
            "aws_security_group.rds_sg",
            "aws_subnet.private",
            "aws_subnet.public",
            "aws_vpc.main",
            "data.archive_file.lambda_zip",
            "data.aws_availability_zones.available",
            "data.aws_iam_role.this",
            "null_resource.build_lambda"
          ]
        }
      ]
    },
    {
      "mode": "managed",
      "type": "aws_cognito_user_pool",
      "name": "this",
      "provider": "provider[\"registry.terraform.io/hashicorp/aws\"]",
      "instances": [
        {
          "schema_version": 0,
          "attributes": {
            "account_recovery_setting": [
              {
                "recovery_mechanism": [
                  {
                    "name": "verified_email",
                    "priority": 1
                  },
                  {
                    "name": "verified_phone_number",
                    "priority": 2
                  }
                ]
              }
            ],
            "admin_create_user_config": [
              {
                "allow_admin_create_user_only": false,
                "invite_message_template": []
              }
            ],
            "alias_attributes": null,
            "arn": "arn:aws:cognito-idp:us-east-1:339713050718:userpool/us-east-1_kPz74WmSI",
            "auto_verified_attributes": [
              "email"
            ],
            "creation_date": "2025-12-19T00:01:02Z",
            "custom_domain": "",
            "deletion_protection": "INACTIVE",
            "device_configuration": [],
            "domain": "moneysplit-auth-domain",
            "email_configuration": [
              {
                "configuration_set": "",
                "email_sending_account": "COGNITO_DEFAULT",
                "from_email_address": "",
                "reply_to_email_address": "",
                "source_arn": ""
              }
            ],
            "email_mfa_configuration": [],
            "email_verification_message": "",
            "email_verification_subject": "",
            "endpoint": "cognito-idp.us-east-1.amazonaws.com/us-east-1_kPz74WmSI",
            "estimated_number_of_users": 2,
            "id": "us-east-1_kPz74WmSI",
            "lambda_config": [],
            "last_modified_date": "2025-12-19T00:01:02Z",
            "mfa_configuration": "OFF",
            "name": "moneysplit-user-pool",
            "password_policy": [
              {
                "minimum_length": 8,
                "password_history_size": 0,
                "require_lowercase": true,
                "require_numbers": true,
                "require_symbols": false,
                "require_uppercase": true,
                "temporary_password_validity_days": 7
              }
            ],
            "region": "us-east-1",
            "schema": [],
            "sign_in_policy": [
              {
                "allowed_first_auth_factors": [
                  "PASSWORD"
                ]
              }
            ],
            "sms_authentication_message": "",
            "sms_configuration": [],
            "sms_verification_message": "",
            "software_token_mfa_configuration": [],
            "tags": {
              "App": "moneysplit"
            },
            "tags_all": {
              "App": "moneysplit"
            },
            "user_attribute_update_settings": [],
            "user_pool_add_ons": [],
            "user_pool_tier": "ESSENTIALS",
            "username_attributes": [
              "email"
            ],
            "username_configuration": [],
            "verification_message_template": [
              {
                "default_email_option": "CONFIRM_WITH_CODE",
                "email_message": "",
                "email_message_by_link": "",
                "email_subject": "",
                "email_subject_by_link": "",
                "sms_message": ""
              }
            ],
            "web_authn_configuration": []
          },
          "sensitive_attributes": [],
          "identity_schema_version": 0,
          "private": "bnVsbA=="
        }
      ]
    },
    {
      "mode": "managed",
      "type": "aws_cognito_user_pool_client",
      "name": "this",
      "provider": "provider[\"registry.terraform.io/hashicorp/aws\"]",
      "instances": [
        {
          "schema_version": 0,
          "attributes": {
            "access_token_validity": 1,
            "allowed_oauth_flows": [
              "code"
            ],
            "allowed_oauth_flows_user_pool_client": true,
            "allowed_oauth_scopes": [
              "email",
              "openid",
              "profile"
            ],
            "analytics_configuration": [],
            "auth_session_validity": 3,
            "callback_urls": [
              "https://staging.d3n1f6zzl37or0.amplifyapp.com/dashboard"
            ],
            "client_secret": "",
            "default_redirect_uri": "",
            "enable_propagate_additional_user_context_data": false,
            "enable_token_revocation": true,
            "explicit_auth_flows": [
              "ALLOW_REFRESH_TOKEN_AUTH",
              "ALLOW_USER_PASSWORD_AUTH",
              "ALLOW_USER_SRP_AUTH"
            ],
            "generate_secret": false,
            "id": "1rklqddq4n4a4huu8c15o4ao06",
            "id_token_validity": 1,
            "logout_urls": [
              "https://staging.d3n1f6zzl37or0.amplifyapp.com/"
            ],
            "name": "moneysplit-client",
            "prevent_user_existence_errors": "",
            "read_attributes": [],
            "refresh_token_rotation": [],
            "refresh_token_validity": 30,
            "region": "us-east-1",
            "supported_identity_providers": [
              "COGNITO"
            ],
            "token_validity_units": [
              {
                "access_token": "hours",
                "id_token": "hours",
                "refresh_token": "days"
              }
            ],
            "user_pool_id": "us-east-1_kPz74WmSI",
            "write_attributes": []
          },
          "sensitive_attributes": [
            [
              {
                "type": "get_attr",
                "value": "client_secret"
              }
            ]
          ],
          "identity_schema_version": 0,
          "dependencies": [
            "aws_cognito_user_pool.this"
          ]
        }
      ]
    },
    {
      "mode": "managed",
      "type": "aws_cognito_user_pool_domain",
      "name": "this",
      "provider": "provider[\"registry.terraform.io/hashicorp/aws\"]",
      "instances": [
        {
          "schema_version": 0,
          "attributes": {
            "aws_account_id": "339713050718",
            "certificate_arn": "",
            "cloudfront_distribution": "d3oia8etllorh5.cloudfront.net",
            "cloudfront_distribution_arn": "d3oia8etllorh5.cloudfront.net",
            "cloudfront_distribution_zone_id": "Z2FDTNDATAQYW2",
            "domain": "moneysplit-auth-domain",
            "id": "moneysplit-auth-domain",
            "managed_login_version": 1,
            "region": "us-east-1",
            "s3_bucket": "aws-cognito-prod-iad-assets",
            "user_pool_id": "us-east-1_kPz74WmSI",
            "version": "20251219000102"
          },
          "sensitive_attributes": [],
          "identity_schema_version": 0,
          "private": "bnVsbA==",
          "dependencies": [
            "aws_cognito_user_pool.this"
          ]
        }
      ]
    },
    {
      "mode": "managed",
      "type": "aws_db_instance",
      "name": "mysql",
      "provider": "provider[\"registry.terraform.io/hashicorp/aws\"]",
      "instances": [
        {
          "schema_version": 2,
          "attributes": {
            "address": "moneysplit-mysql.cngegc2au5rb.us-east-1.rds.amazonaws.com",
            "allocated_storage": 20,
            "allow_major_version_upgrade": null,
            "apply_immediately": false,
            "arn": "arn:aws:rds:us-east-1:339713050718:db:moneysplit-mysql",
            "auto_minor_version_upgrade": true,
            "availability_zone": "us-east-1b",
            "backup_retention_period": 7,
            "backup_target": "region",
            "backup_window": "03:00-04:00",
            "blue_green_update": [],
            "ca_cert_identifier": "rds-ca-rsa2048-g1",
            "character_set_name": "",
            "copy_tags_to_snapshot": false,
            "custom_iam_instance_profile": "",
            "customer_owned_ip_enabled": false,
            "database_insights_mode": "standard",
            "db_name": "moneysplit",
            "db_subnet_group_name": "moneysplit-rds-public-subnets",
            "dedicated_log_volume": false,
            "delete_automated_backups": true,
            "deletion_protection": false,
            "domain": "",
            "domain_auth_secret_arn": "",
            "domain_dns_ips": [],
            "domain_fqdn": "",
            "domain_iam_role_name": "",
            "domain_ou": "",
            "enabled_cloudwatch_logs_exports": [],
            "endpoint": "moneysplit-mysql.cngegc2au5rb.us-east-1.rds.amazonaws.com:3306",
            "engine": "mysql",
            "engine_lifecycle_support": "open-source-rds-extended-support",
            "engine_version": "8.0",
            "engine_version_actual": "8.0.43",
            "final_snapshot_identifier": null,
            "hosted_zone_id": "Z2R2ITUGPM61AM",
            "iam_database_authentication_enabled": false,
            "id": "db-6ERUHJ72YHBNWRVU4GAETYKZYI",
            "identifier": "moneysplit-mysql",
            "identifier_prefix": "",
            "instance_class": "db.t4g.micro",
            "iops": 3000,
            "kms_key_id": "arn:aws:kms:us-east-1:339713050718:key/4a03c1b2-03eb-49bf-b1d4-2d4f0c41fa5f",
            "latest_restorable_time": "2025-12-20T02:55:13Z",
            "license_model": "general-public-license",
            "listener_endpoint": [],
            "maintenance_window": "tue:05:47-tue:06:17",
            "manage_master_user_password": null,
            "master_user_secret": [],
            "master_user_secret_kms_key_id": null,
            "max_allocated_storage": 0,
            "monitoring_interval": 0,
            "monitoring_role_arn": "",
            "multi_az": false,
            "nchar_character_set_name": "",
            "network_type": "IPV4",
            "option_group_name": "default:mysql-8-0",
            "parameter_group_name": "default.mysql8.0",
            "password": "Password123!",
            "password_wo": null,
            "password_wo_version": null,
            "performance_insights_enabled": false,
            "performance_insights_kms_key_id": "",
            "performance_insights_retention_period": 0,
            "port": 3306,
            "publicly_accessible": false,
            "region": "us-east-1",
            "replica_mode": "",
            "replicas": [],
            "replicate_source_db": "",
            "resource_id": "db-6ERUHJ72YHBNWRVU4GAETYKZYI",
            "restore_to_point_in_time": [],
            "s3_import": [],
            "skip_final_snapshot": true,
            "snapshot_identifier": null,
            "status": "available",
            "storage_encrypted": true,
            "storage_throughput": 125,
            "storage_type": "gp3",
            "tags": {
              "Name": "moneysplit-mysql"
            },
            "tags_all": {
              "Name": "moneysplit-mysql"
            },
            "timeouts": null,
            "timezone": "",
            "upgrade_rollout_order": "second",
            "upgrade_storage_config": null,
            "username": "moneysplit_admin",
            "vpc_security_group_ids": [
              "sg-0935ba13a2987aa8b"
            ]
          },
          "sensitive_attributes": [
            [
              {
                "type": "get_attr",
                "value": "password"
              }
            ],
            [
              {
                "type": "get_attr",
                "value": "password_wo"
              }
            ]
          ],
          "identity_schema_version": 0,
          "private": "eyJlMmJmYjczMC1lY2FhLTExZTYtOGY4OC0zNDM2M2JjN2M0YzAiOnsiY3JlYXRlIjozMDAwMDAwMDAwMDAwLCJkZWxldGUiOjM2MDAwMDAwMDAwMDAsInVwZGF0ZSI6NDgwMDAwMDAwMDAwMH0sInNjaGVtYV92ZXJzaW9uIjoiMiJ9",
          "dependencies": [
            "aws_db_subnet_group.rds_public",
            "aws_kms_key.rds",
            "aws_security_group.lambda_sg",
            "aws_security_group.rds_sg",
            "aws_subnet.public",
            "aws_vpc.main",
            "data.aws_availability_zones.available"
          ]
        }
      ]
    },
    {
      "mode": "managed",
      "type": "aws_db_subnet_group",
      "name": "rds_public",
      "provider": "provider[\"registry.terraform.io/hashicorp/aws\"]",
      "instances": [
        {
          "schema_version": 0,
          "attributes": {
            "arn": "arn:aws:rds:us-east-1:339713050718:subgrp:moneysplit-rds-public-subnets",
            "description": "Managed by Terraform",
            "id": "moneysplit-rds-public-subnets",
            "name": "moneysplit-rds-public-subnets",
            "name_prefix": "",
            "region": "us-east-1",
            "subnet_ids": [
              "subnet-0297aa207bc05d975",
              "subnet-0a778da7ada17a258"
            ],
            "supported_network_types": [
              "IPV4"
            ],
            "tags": {
              "Name": "moneysplit-rds-public"
            },
            "tags_all": {
              "Name": "moneysplit-rds-public"
            },
            "vpc_id": "vpc-0f48baf626eb75ee3"
          },
          "sensitive_attributes": [],
          "identity_schema_version": 0,
          "private": "bnVsbA==",
          "dependencies": [
            "aws_subnet.public",
            "aws_vpc.main",
            "data.aws_availability_zones.available"
          ]
        }
      ]
    },
    {
      "mode": "managed",
      "type": "aws_eip",
      "name": "nat",
      "provider": "provider[\"registry.terraform.io/hashicorp/aws\"]",
      "instances": [
        {
          "schema_version": 0,
          "attributes": {
            "address": null,
            "allocation_id": "eipalloc-0ce97ff1cdada6f4f",
            "arn": "arn:aws:ec2:us-east-1:339713050718:elastic-ip/eipalloc-0ce97ff1cdada6f4f",
            "associate_with_private_ip": null,
            "association_id": "eipassoc-0ce0fecb145c4f8f8",
            "carrier_ip": "",
            "customer_owned_ip": "",
            "customer_owned_ipv4_pool": "",
            "domain": "vpc",
            "id": "eipalloc-0ce97ff1cdada6f4f",
            "instance": "",
            "ipam_pool_id": null,
            "network_border_group": "us-east-1",
            "network_interface": "eni-0694368229e64cb73",
            "private_dns": "ip-10-50-0-6.ec2.internal",
            "private_ip": "10.50.0.6",
            "ptr_record": "",
            "public_dns": "ec2-54-162-61-32.compute-1.amazonaws.com",
            "public_ip": "54.162.61.32",
            "public_ipv4_pool": "amazon",
            "region": "us-east-1",
            "tags": {
              "Name": "moneysplit-nat-eip"
            },
            "tags_all": {
              "Name": "moneysplit-nat-eip"
            },
            "timeouts": null
          },
          "sensitive_attributes": [],
          "identity_schema_version": 0,
          "private": "eyJlMmJmYjczMC1lY2FhLTExZTYtOGY4OC0zNDM2M2JjN2M0YzAiOnsiZGVsZXRlIjoxODAwMDAwMDAwMDAsInJlYWQiOjkwMDAwMDAwMDAwMCwidXBkYXRlIjozMDAwMDAwMDAwMDB9fQ=="
        }
      ]
    },
    {
      "mode": "managed",
      "type": "aws_internet_gateway",
      "name": "igw",
      "provider": "provider[\"registry.terraform.io/hashicorp/aws\"]",
      "instances": [
        {
          "schema_version": 0,
          "attributes": {
            "arn": "arn:aws:ec2:us-east-1:339713050718:internet-gateway/igw-0b92c53f9ef6b097a",
            "id": "igw-0b92c53f9ef6b097a",
            "owner_id": "339713050718",
            "region": "us-east-1",
            "tags": {
              "Name": "moneysplit-igw"
            },
            "tags_all": {
              "Name": "moneysplit-igw"
            },
            "timeouts": null,
            "vpc_id": "vpc-0f48baf626eb75ee3"
          },
          "sensitive_attributes": [],
          "identity_schema_version": 0,
          "private": "eyJlMmJmYjczMC1lY2FhLTExZTYtOGY4OC0zNDM2M2JjN2M0YzAiOnsiY3JlYXRlIjoxMjAwMDAwMDAwMDAwLCJkZWxldGUiOjEyMDAwMDAwMDAwMDAsInVwZGF0ZSI6MTIwMDAwMDAwMDAwMH19",
          "dependencies": [
            "aws_vpc.main"
          ]
        }
      ]
    },
    {
      "mode": "managed",
      "type": "aws_kms_key",
      "name": "rds",
      "provider": "provider[\"registry.terraform.io/hashicorp/aws\"]",
      "instances": [
        {
          "schema_version": 0,
          "attributes": {
            "arn": "arn:aws:kms:us-east-1:339713050718:key/4a03c1b2-03eb-49bf-b1d4-2d4f0c41fa5f",
            "bypass_policy_lockout_safety_check": false,
            "custom_key_store_id": "",
            "customer_master_key_spec": "SYMMETRIC_DEFAULT",
            "deletion_window_in_days": null,
            "description": "KMS key for RDS encryption",
            "enable_key_rotation": true,
            "id": "4a03c1b2-03eb-49bf-b1d4-2d4f0c41fa5f",
            "is_enabled": true,
            "key_id": "4a03c1b2-03eb-49bf-b1d4-2d4f0c41fa5f",
            "key_usage": "ENCRYPT_DECRYPT",
            "multi_region": false,
            "policy": "{\"Id\":\"key-default-1\",\"Statement\":[{\"Action\":\"kms:*\",\"Effect\":\"Allow\",\"Principal\":{\"AWS\":\"arn:aws:iam::339713050718:root\"},\"Resource\":\"*\",\"Sid\":\"Enable IAM User Permissions\"}],\"Version\":\"2012-10-17\"}",
            "region": "us-east-1",
            "rotation_period_in_days": 365,
            "tags": {},
            "tags_all": {},
            "timeouts": null,
            "xks_key_id": ""
          },
          "sensitive_attributes": [],
          "identity_schema_version": 0,
          "identity": {
            "account_id": "339713050718",
            "id": "4a03c1b2-03eb-49bf-b1d4-2d4f0c41fa5f",
            "region": "us-east-1"
          },
          "private": "eyJlMmJmYjczMC1lY2FhLTExZTYtOGY4OC0zNDM2M2JjN2M0YzAiOnsiY3JlYXRlIjoxMjAwMDAwMDAwMDB9fQ=="
        }
      ]
    },
    {
      "mode": "managed",
      "type": "aws_lambda_function",
      "name": "backend",
      "provider": "provider[\"registry.terraform.io/hashicorp/aws\"]",
      "instances": [
        {
          "schema_version": 0,
          "attributes": {
            "architectures": [
              "x86_64"
            ],
            "arn": "arn:aws:lambda:us-east-1:339713050718:function:moneysplit-backend",
            "capacity_provider_config": [],
            "code_sha256": "oebp9hinjWKySVWTxqBnv7nZqidHygRG8buHUvSKeYU=",
            "code_signing_config_arn": "",
            "dead_letter_config": [],
            "description": "",
            "durable_config": [],
            "environment": [
              {
                "variables": {
                  "COGNITO_USER_POOL_ID": "us-east-1_kPz74WmSI",
                  "DB_HOST": "moneysplit-mysql.cngegc2au5rb.us-east-1.rds.amazonaws.com",
                  "DB_NAME": "moneysplit",
                  "DB_PASSWORD": "Password123!",
                  "DB_PORT": "3306",
                  "DB_USER": "moneysplit_admin"
                }
              }
            ],
            "ephemeral_storage": [
              {
                "size": 512
              }
            ],
            "file_system_config": [],
            "filename": "./build/lambda.zip",
            "function_name": "moneysplit-backend",
            "handler": "lambda_src.handler",
            "id": "moneysplit-backend",
            "image_config": [],
            "image_uri": "",
            "invoke_arn": "arn:aws:apigateway:us-east-1:lambda:path/2015-03-31/functions/arn:aws:lambda:us-east-1:339713050718:function:moneysplit-backend/invocations",
            "kms_key_arn": "",
            "last_modified": "2025-12-20T00:24:41.000+0000",
            "layers": [],
            "logging_config": [
              {
                "application_log_level": "",
                "log_format": "Text",
                "log_group": "/aws/lambda/moneysplit-backend",
                "system_log_level": ""
              }
            ],
            "memory_size": 1024,
            "package_type": "Zip",
            "publish": false,
            "publish_to": null,
            "qualified_arn": "arn:aws:lambda:us-east-1:339713050718:function:moneysplit-backend:$LATEST",
            "qualified_invoke_arn": "arn:aws:apigateway:us-east-1:lambda:path/2015-03-31/functions/arn:aws:lambda:us-east-1:339713050718:function:moneysplit-backend:$LATEST/invocations",
            "region": "us-east-1",
            "replace_security_groups_on_destroy": null,
            "replacement_security_group_ids": null,
            "reserved_concurrent_executions": -1,
            "role": "arn:aws:iam::339713050718:role/LabRole",
            "runtime": "python3.11",
            "s3_bucket": null,
            "s3_key": null,
            "s3_object_version": null,
            "signing_job_arn": "",
            "signing_profile_version_arn": "",
            "skip_destroy": false,
            "snap_start": [],
            "source_code_hash": "oebp9hinjWKySVWTxqBnv7nZqidHygRG8buHUvSKeYU=",
            "source_code_size": 30039352,
            "source_kms_key_arn": "",
            "tags": {},
            "tags_all": {},
            "tenancy_config": [],
            "timeout": 30,
            "timeouts": null,
            "tracing_config": [
              {
                "mode": "PassThrough"
              }
            ],
            "version": "$LATEST",
            "vpc_config": [
              {
                "ipv6_allowed_for_dual_stack": false,
                "security_group_ids": [
                  "sg-09eaf69de7d8b2f72"
                ],
                "subnet_ids": [
                  "subnet-048d1d6fecf286f7e",
                  "subnet-0cabd0c506eb79de5"
                ],
                "vpc_id": "vpc-0f48baf626eb75ee3"
              }
            ]
          },
          "sensitive_attributes": [
            [
              {
                "type": "get_attr",
                "value": "environment"
              },
              {
                "type": "index",
                "value": {
                  "value": 0,
                  "type": "number"
                }
              },
              {
                "type": "get_attr",
                "value": "variables"
              },
              {
                "type": "index",
                "value": {
                  "value": "DB_PASSWORD",
                  "type": "string"
                }
              }
            ]
          ],
          "identity_schema_version": 0,
          "identity": {
            "account_id": "339713050718",
            "function_name": "moneysplit-backend",
            "region": "us-east-1"
          },
          "private": "eyJlMmJmYjczMC1lY2FhLTExZTYtOGY4OC0zNDM2M2JjN2M0YzAiOnsiY3JlYXRlIjo2MDAwMDAwMDAwMDAsImRlbGV0ZSI6NjAwMDAwMDAwMDAwLCJ1cGRhdGUiOjYwMDAwMDAwMDAwMH19",
          "dependencies": [
            "aws_db_instance.mysql",
            "aws_db_subnet_group.rds_public",
            "aws_kms_key.rds",
            "aws_security_group.lambda_sg",
            "aws_security_group.rds_sg",
            "aws_subnet.private",
            "aws_subnet.public",
            "aws_vpc.main",
            "data.archive_file.lambda_zip",
            "data.aws_availability_zones.available",
            "data.aws_iam_role.this",
            "null_resource.build_lambda"
          ]
        }
      ]
    },
    {
      "mode": "managed",
      "type": "aws_lambda_permission",
      "name": "apigw",
      "provider": "provider[\"registry.terraform.io/hashicorp/aws\"]",
      "instances": [
        {
          "schema_version": 0,
          "attributes": {
            "action": "lambda:InvokeFunction",
            "event_source_token": null,
            "function_name": "moneysplit-backend",
            "function_url_auth_type": null,
            "id": "AllowApiGatewayInvoke",
            "principal": "apigateway.amazonaws.com",
            "principal_org_id": null,
            "qualifier": "",
            "region": "us-east-1",
            "source_account": null,
            "source_arn": "arn:aws:execute-api:us-east-1:339713050718:jzbgkwtk8i/*/*",
            "statement_id": "AllowApiGatewayInvoke",
            "statement_id_prefix": ""
          },
          "sensitive_attributes": [],
          "identity_schema_version": 0,
          "identity": {
            "account_id": "339713050718",
            "function_name": "moneysplit-backend",
            "qualifier": null,
            "region": "us-east-1",
            "statement_id": "AllowApiGatewayInvoke"
          },
          "private": "bnVsbA==",
          "dependencies": [
            "aws_apigatewayv2_api.http",
            "aws_db_instance.mysql",
            "aws_db_subnet_group.rds_public",
            "aws_kms_key.rds",
            "aws_lambda_function.backend",
            "aws_security_group.lambda_sg",
            "aws_security_group.rds_sg",
            "aws_subnet.private",
            "aws_subnet.public",
            "aws_vpc.main",
            "data.archive_file.lambda_zip",
            "data.aws_availability_zones.available",
            "data.aws_iam_role.this",
            "null_resource.build_lambda"
          ]
        }
      ]
    },
    {
      "mode": "managed",
      "type": "aws_nat_gateway",
      "name": "nat",
      "provider": "provider[\"registry.terraform.io/hashicorp/aws\"]",
      "instances": [
        {
          "schema_version": 0,
          "attributes": {
            "allocation_id": "eipalloc-0ce97ff1cdada6f4f",
            "association_id": "eipassoc-0ce0fecb145c4f8f8",
            "auto_provision_zones": null,
            "auto_scaling_ips": null,
            "availability_mode": "zonal",
            "availability_zone_address": [],
            "connectivity_type": "public",
            "id": "nat-0d0999ab9b7cfee09",
            "network_interface_id": "eni-0694368229e64cb73",
            "private_ip": "10.50.0.6",
            "public_ip": "54.162.61.32",
            "region": "us-east-1",
            "regional_nat_gateway_address": [],
            "regional_nat_gateway_auto_mode": null,
            "route_table_id": null,
            "secondary_allocation_ids": [],
            "secondary_private_ip_address_count": 0,
            "secondary_private_ip_addresses": [],
            "subnet_id": "subnet-0a778da7ada17a258",
            "tags": {
              "Name": "moneysplit-nat"
            },
            "tags_all": {
              "Name": "moneysplit-nat"
            },
            "timeouts": null,
            "vpc_id": "vpc-0f48baf626eb75ee3"
          },
          "sensitive_attributes": [],
          "identity_schema_version": 0,
          "private": "eyJlMmJmYjczMC1lY2FhLTExZTYtOGY4OC0zNDM2M2JjN2M0YzAiOnsiY3JlYXRlIjo2MDAwMDAwMDAwMDAsImRlbGV0ZSI6MTgwMDAwMDAwMDAwMCwidXBkYXRlIjo2MDAwMDAwMDAwMDB9fQ==",
          "dependencies": [
            "aws_eip.nat",
            "aws_internet_gateway.igw",
            "aws_subnet.public",
            "aws_vpc.main",
            "data.aws_availability_zones.available"
          ]
        }
      ]
    },
    {
      "mode": "managed",
      "type": "aws_route",
      "name": "private_default",
      "provider": "provider[\"registry.terraform.io/hashicorp/aws\"]",
      "instances": [
        {
          "schema_version": 0,
          "attributes": {
            "carrier_gateway_id": "",
            "core_network_arn": "",
            "destination_cidr_block": "0.0.0.0/0",
            "destination_ipv6_cidr_block": "",
            "destination_prefix_list_id": "",
            "egress_only_gateway_id": "",
            "gateway_id": "",
            "id": "r-rtb-0bff61628149890721080289494",
            "instance_id": "",
            "instance_owner_id": "",
            "local_gateway_id": "",
            "nat_gateway_id": "nat-0d0999ab9b7cfee09",
            "network_interface_id": "",
            "origin": "CreateRoute",
            "region": "us-east-1",
            "route_table_id": "rtb-0bff6162814989072",
            "state": "active",
            "timeouts": null,
            "transit_gateway_id": "",
            "vpc_endpoint_id": "",
            "vpc_peering_connection_id": ""
          },
          "sensitive_attributes": [],
          "identity_schema_version": 0,
          "identity": {
            "account_id": "339713050718",
            "destination_cidr_block": "0.0.0.0/0",
            "destination_ipv6_cidr_block": null,
            "destination_prefix_list_id": null,
            "region": "us-east-1",
            "route_table_id": "rtb-0bff6162814989072"
          },
          "private": "eyJlMmJmYjczMC1lY2FhLTExZTYtOGY4OC0zNDM2M2JjN2M0YzAiOnsiY3JlYXRlIjozMDAwMDAwMDAwMDAsImRlbGV0ZSI6MzAwMDAwMDAwMDAwLCJ1cGRhdGUiOjEyMDAwMDAwMDAwMH19",
          "dependencies": [
            "aws_eip.nat",
            "aws_internet_gateway.igw",
            "aws_nat_gateway.nat",
            "aws_route_table.private",
            "aws_subnet.public",
            "aws_vpc.main",
            "data.aws_availability_zones.available"
          ]
        }
      ]
    },
    {
      "mode": "managed",
      "type": "aws_route_table",
      "name": "private",
      "provider": "provider[\"registry.terraform.io/hashicorp/aws\"]",
      "instances": [
        {
          "schema_version": 0,
          "attributes": {
            "arn": "arn:aws:ec2:us-east-1:339713050718:route-table/rtb-0bff6162814989072",
            "id": "rtb-0bff6162814989072",
            "owner_id": "339713050718",
            "propagating_vgws": [],
            "region": "us-east-1",
            "route": [
              {
                "carrier_gateway_id": "",
                "cidr_block": "0.0.0.0/0",
                "core_network_arn": "",
                "destination_prefix_list_id": "",
                "egress_only_gateway_id": "",
                "gateway_id": "",
                "ipv6_cidr_block": "",
                "local_gateway_id": "",
                "nat_gateway_id": "nat-0d0999ab9b7cfee09",
                "network_interface_id": "",
                "transit_gateway_id": "",
                "vpc_endpoint_id": "",
                "vpc_peering_connection_id": ""
              }
            ],
            "tags": {
              "Name": "moneysplit-private-rt"
            },
            "tags_all": {
              "Name": "moneysplit-private-rt"
            },
            "timeouts": null,
            "vpc_id": "vpc-0f48baf626eb75ee3"
          },
          "sensitive_attributes": [],
          "identity_schema_version": 0,
          "identity": {
            "account_id": "339713050718",
            "id": "rtb-0bff6162814989072",
            "region": "us-east-1"
          },
          "private": "eyJlMmJmYjczMC1lY2FhLTExZTYtOGY4OC0zNDM2M2JjN2M0YzAiOnsiY3JlYXRlIjozMDAwMDAwMDAwMDAsImRlbGV0ZSI6MzAwMDAwMDAwMDAwLCJ1cGRhdGUiOjEyMDAwMDAwMDAwMH19",
          "dependencies": [
            "aws_vpc.main"
          ]
        }
      ]
    },
    {
      "mode": "managed",
      "type": "aws_route_table",
      "name": "public",
      "provider": "provider[\"registry.terraform.io/hashicorp/aws\"]",
      "instances": [
        {
          "schema_version": 0,
          "attributes": {
            "arn": "arn:aws:ec2:us-east-1:339713050718:route-table/rtb-029d757a1ca96d130",
            "id": "rtb-029d757a1ca96d130",
            "owner_id": "339713050718",
            "propagating_vgws": [],
            "region": "us-east-1",
            "route": [
              {
                "carrier_gateway_id": "",
                "cidr_block": "0.0.0.0/0",
                "core_network_arn": "",
                "destination_prefix_list_id": "",
                "egress_only_gateway_id": "",
                "gateway_id": "igw-0b92c53f9ef6b097a",
                "ipv6_cidr_block": "",
                "local_gateway_id": "",
                "nat_gateway_id": "",
                "network_interface_id": "",
                "transit_gateway_id": "",
                "vpc_endpoint_id": "",
                "vpc_peering_connection_id": ""
              }
            ],
            "tags": {
              "Name": "moneysplit-public-rt"
            },
            "tags_all": {
              "Name": "moneysplit-public-rt"
            },
            "timeouts": null,
            "vpc_id": "vpc-0f48baf626eb75ee3"
          },
          "sensitive_attributes": [],
          "identity_schema_version": 0,
          "identity": {
            "account_id": "339713050718",
            "id": "rtb-029d757a1ca96d130",
            "region": "us-east-1"
          },
          "private": "eyJlMmJmYjczMC1lY2FhLTExZTYtOGY4OC0zNDM2M2JjN2M0YzAiOnsiY3JlYXRlIjozMDAwMDAwMDAwMDAsImRlbGV0ZSI6MzAwMDAwMDAwMDAwLCJ1cGRhdGUiOjEyMDAwMDAwMDAwMH19",
          "dependencies": [
            "aws_internet_gateway.igw",
            "aws_vpc.main"
          ]
        }
      ]
    },
    {
      "mode": "managed",
      "type": "aws_route_table_association",
      "name": "private_assoc",
      "provider": "provider[\"registry.terraform.io/hashicorp/aws\"]",
      "instances": [
        {
          "index_key": 0,
          "schema_version": 0,
          "attributes": {
            "gateway_id": "",
            "id": "rtbassoc-019e919064689e91c",
            "region": "us-east-1",
            "route_table_id": "rtb-0bff6162814989072",
            "subnet_id": "subnet-0cabd0c506eb79de5",
            "timeouts": null
          },
          "sensitive_attributes": [],
          "identity_schema_version": 0,
          "private": "eyJlMmJmYjczMC1lY2FhLTExZTYtOGY4OC0zNDM2M2JjN2M0YzAiOnsiY3JlYXRlIjozMDAwMDAwMDAwMDAsImRlbGV0ZSI6MzAwMDAwMDAwMDAwLCJ1cGRhdGUiOjEyMDAwMDAwMDAwMH19",
          "dependencies": [
            "aws_route_table.private",
            "aws_subnet.private",
            "aws_vpc.main",
            "data.aws_availability_zones.available"
          ]
        },
        {
          "index_key": 1,
          "schema_version": 0,
          "attributes": {
            "gateway_id": "",
            "id": "rtbassoc-0a409b0fe83969d13",
            "region": "us-east-1",
            "route_table_id": "rtb-0bff6162814989072",
            "subnet_id": "subnet-048d1d6fecf286f7e",
            "timeouts": null
          },
          "sensitive_attributes": [],
          "identity_schema_version": 0,
          "private": "eyJlMmJmYjczMC1lY2FhLTExZTYtOGY4OC0zNDM2M2JjN2M0YzAiOnsiY3JlYXRlIjozMDAwMDAwMDAwMDAsImRlbGV0ZSI6MzAwMDAwMDAwMDAwLCJ1cGRhdGUiOjEyMDAwMDAwMDAwMH19",
          "dependencies": [
            "aws_route_table.private",
            "aws_subnet.private",
            "aws_vpc.main",
            "data.aws_availability_zones.available"
          ]
        }
      ]
    },
    {
      "mode": "managed",
      "type": "aws_route_table_association",
      "name": "public_assoc",
      "provider": "provider[\"registry.terraform.io/hashicorp/aws\"]",
      "instances": [
        {
          "index_key": 0,
          "schema_version": 0,
          "attributes": {
            "gateway_id": "",
            "id": "rtbassoc-0e487ed8d5c734f68",
            "region": "us-east-1",
            "route_table_id": "rtb-029d757a1ca96d130",
            "subnet_id": "subnet-0a778da7ada17a258",
            "timeouts": null
          },
          "sensitive_attributes": [],
          "identity_schema_version": 0,
          "private": "eyJlMmJmYjczMC1lY2FhLTExZTYtOGY4OC0zNDM2M2JjN2M0YzAiOnsiY3JlYXRlIjozMDAwMDAwMDAwMDAsImRlbGV0ZSI6MzAwMDAwMDAwMDAwLCJ1cGRhdGUiOjEyMDAwMDAwMDAwMH19",
          "dependencies": [
            "aws_internet_gateway.igw",
            "aws_route_table.public",
            "aws_subnet.public",
            "aws_vpc.main",
            "data.aws_availability_zones.available"
          ]
        },
        {
          "index_key": 1,
          "schema_version": 0,
          "attributes": {
            "gateway_id": "",
            "id": "rtbassoc-0d8ee9b942333d83f",
            "region": "us-east-1",
            "route_table_id": "rtb-029d757a1ca96d130",
            "subnet_id": "subnet-0297aa207bc05d975",
            "timeouts": null
          },
          "sensitive_attributes": [],
          "identity_schema_version": 0,
          "private": "eyJlMmJmYjczMC1lY2FhLTExZTYtOGY4OC0zNDM2M2JjN2M0YzAiOnsiY3JlYXRlIjozMDAwMDAwMDAwMDAsImRlbGV0ZSI6MzAwMDAwMDAwMDAwLCJ1cGRhdGUiOjEyMDAwMDAwMDAwMH19",
          "dependencies": [
            "aws_internet_gateway.igw",
            "aws_route_table.public",
            "aws_subnet.public",
            "aws_vpc.main",
            "data.aws_availability_zones.available"
          ]
        }
      ]
    },
    {
      "mode": "managed",
      "type": "aws_security_group",
      "name": "lambda_sg",
      "provider": "provider[\"registry.terraform.io/hashicorp/aws\"]",
      "instances": [
        {
          "schema_version": 1,
          "attributes": {
            "arn": "arn:aws:ec2:us-east-1:339713050718:security-group/sg-09eaf69de7d8b2f72",
            "description": "Lambda security group",
            "egress": [
              {
                "cidr_blocks": [
                  "0.0.0.0/0"
                ],
                "description": "",
                "from_port": 0,
                "ipv6_cidr_blocks": [],
                "prefix_list_ids": [],
                "protocol": "-1",
                "security_groups": [],
                "self": false,
                "to_port": 0
              }
            ],
            "id": "sg-09eaf69de7d8b2f72",
            "ingress": [],
            "name": "moneysplit-lambda-sg",
            "name_prefix": "",
            "owner_id": "339713050718",
            "region": "us-east-1",
            "revoke_rules_on_delete": false,
            "tags": {
              "Name": "moneysplit-lambda-sg"
            },
            "tags_all": {
              "Name": "moneysplit-lambda-sg"
            },
            "timeouts": null,
            "vpc_id": "vpc-0f48baf626eb75ee3"
          },
          "sensitive_attributes": [],
          "identity_schema_version": 0,
          "identity": {
            "account_id": "339713050718",
            "id": "sg-09eaf69de7d8b2f72",
            "region": "us-east-1"
          },
          "private": "eyJlMmJmYjczMC1lY2FhLTExZTYtOGY4OC0zNDM2M2JjN2M0YzAiOnsiY3JlYXRlIjo2MDAwMDAwMDAwMDAsImRlbGV0ZSI6OTAwMDAwMDAwMDAwfSwic2NoZW1hX3ZlcnNpb24iOiIxIn0=",
          "dependencies": [
            "aws_vpc.main"
          ]
        }
      ]
    },
    {
      "mode": "managed",
      "type": "aws_security_group",
      "name": "rds_sg",
      "provider": "provider[\"registry.terraform.io/hashicorp/aws\"]",
      "instances": [
        {
          "schema_version": 1,
          "attributes": {
            "arn": "arn:aws:ec2:us-east-1:339713050718:security-group/sg-0935ba13a2987aa8b",
            "description": "Public RDS SG (TEMP - VERY UNSAFE)",
            "egress": [
              {
                "cidr_blocks": [
                  "0.0.0.0/0"
                ],
                "description": "",
                "from_port": 0,
                "ipv6_cidr_blocks": [],
                "prefix_list_ids": [],
                "protocol": "-1",
                "security_groups": [],
                "self": false,
                "to_port": 0
              }
            ],
            "id": "sg-0935ba13a2987aa8b",
            "ingress": [
              {
                "cidr_blocks": [
                  "0.0.0.0/0"
                ],
                "description": "",
                "from_port": 3306,
                "ipv6_cidr_blocks": [],
                "prefix_list_ids": [],
                "protocol": "tcp",
                "security_groups": [],
                "self": false,
                "to_port": 3306
              },
              {
                "cidr_blocks": [
                  "134.190.211.245/32"
                ],
                "description": "",
                "from_port": 3306,
                "ipv6_cidr_blocks": [],
                "prefix_list_ids": [],
                "protocol": "tcp",
                "security_groups": [],
                "self": false,
                "to_port": 3306
              },
              {
                "cidr_blocks": [],
                "description": "",
                "from_port": 3306,
                "ipv6_cidr_blocks": [],
                "prefix_list_ids": [],
                "protocol": "tcp",
                "security_groups": [
                  "sg-09eaf69de7d8b2f72"
                ],
                "self": false,
                "to_port": 3306
              }
            ],
            "name": "moneysplit-rds-sg",
            "name_prefix": "",
            "owner_id": "339713050718",
            "region": "us-east-1",
            "revoke_rules_on_delete": false,
            "tags": {
              "Name": "moneysplit-rds-sg"
            },
            "tags_all": {
              "Name": "moneysplit-rds-sg"
            },
            "timeouts": null,
            "vpc_id": "vpc-0f48baf626eb75ee3"
          },
          "sensitive_attributes": [],
          "identity_schema_version": 0,
          "identity": {
            "account_id": "339713050718",
            "id": "sg-0935ba13a2987aa8b",
            "region": "us-east-1"
          },
          "private": "eyJlMmJmYjczMC1lY2FhLTExZTYtOGY4OC0zNDM2M2JjN2M0YzAiOnsiY3JlYXRlIjo2MDAwMDAwMDAwMDAsImRlbGV0ZSI6OTAwMDAwMDAwMDAwfSwic2NoZW1hX3ZlcnNpb24iOiIxIn0=",
          "dependencies": [
            "aws_security_group.lambda_sg",
            "aws_vpc.main"
          ]
        }
      ]
    },
    {
      "mode": "managed",
      "type": "aws_security_group",
      "name": "vpce_sg",
      "provider": "provider[\"registry.terraform.io/hashicorp/aws\"]",
      "instances": [
        {
          "schema_version": 1,
          "attributes": {
            "arn": "arn:aws:ec2:us-east-1:339713050718:security-group/sg-0fd728f8fd42d2c42",
            "description": "Allow Lambda to reach VPC Interface Endpoints",
            "egress": [
              {
                "cidr_blocks": [
                  "0.0.0.0/0"
                ],
                "description": "",
                "from_port": 0,
                "ipv6_cidr_blocks": [],
                "prefix_list_ids": [],
                "protocol": "-1",
                "security_groups": [],
                "self": false,
                "to_port": 0
              }
            ],
            "id": "sg-0fd728f8fd42d2c42",
            "ingress": [
              {
                "cidr_blocks": [],
                "description": "HTTPS from Lambda SG",
                "from_port": 443,
                "ipv6_cidr_blocks": [],
                "prefix_list_ids": [],
                "protocol": "tcp",
                "security_groups": [
                  "sg-09eaf69de7d8b2f72"
                ],
                "self": false,
                "to_port": 443
              }
            ],
            "name": "moneysplit-vpce-sg",
            "name_prefix": "",
            "owner_id": "339713050718",
            "region": "us-east-1",
            "revoke_rules_on_delete": false,
            "tags": {
              "Name": "moneysplit-vpce-sg"
            },
            "tags_all": {
              "Name": "moneysplit-vpce-sg"
            },
            "timeouts": null,
            "vpc_id": "vpc-0f48baf626eb75ee3"
          },
          "sensitive_attributes": [],
          "identity_schema_version": 0,
          "identity": {
            "account_id": "339713050718",
            "id": "sg-0fd728f8fd42d2c42",
            "region": "us-east-1"
          },
          "private": "eyJlMmJmYjczMC1lY2FhLTExZTYtOGY4OC0zNDM2M2JjN2M0YzAiOnsiY3JlYXRlIjo2MDAwMDAwMDAwMDAsImRlbGV0ZSI6OTAwMDAwMDAwMDAwfSwic2NoZW1hX3ZlcnNpb24iOiIxIn0=",
          "dependencies": [
            "aws_security_group.lambda_sg",
            "aws_vpc.main"
          ]
        }
      ]
    },
    {
      "mode": "managed",
      "type": "aws_subnet",
      "name": "private",
      "provider": "provider[\"registry.terraform.io/hashicorp/aws\"]",
      "instances": [
        {
          "index_key": 0,
          "schema_version": 1,
          "attributes": {
            "arn": "arn:aws:ec2:us-east-1:339713050718:subnet/subnet-0cabd0c506eb79de5",
            "assign_ipv6_address_on_creation": false,
            "availability_zone": "us-east-1a",
            "availability_zone_id": "use1-az2",
            "cidr_block": "10.50.10.0/24",
            "customer_owned_ipv4_pool": "",
            "enable_dns64": false,
            "enable_lni_at_device_index": 0,
            "enable_resource_name_dns_a_record_on_launch": false,
            "enable_resource_name_dns_aaaa_record_on_launch": false,
            "id": "subnet-0cabd0c506eb79de5",
            "ipv6_cidr_block": "",
            "ipv6_cidr_block_association_id": "",
            "ipv6_native": false,
            "map_customer_owned_ip_on_launch": false,
            "map_public_ip_on_launch": false,
            "outpost_arn": "",
            "owner_id": "339713050718",
            "private_dns_hostname_type_on_launch": "ip-name",
            "region": "us-east-1",
            "tags": {
              "Name": "moneysplit-private-0"
            },
            "tags_all": {
              "Name": "moneysplit-private-0"
            },
            "timeouts": null,
            "vpc_id": "vpc-0f48baf626eb75ee3"
          },
          "sensitive_attributes": [],
          "identity_schema_version": 0,
          "identity": {
            "account_id": "339713050718",
            "id": "subnet-0cabd0c506eb79de5",
            "region": "us-east-1"
          },
          "private": "eyJlMmJmYjczMC1lY2FhLTExZTYtOGY4OC0zNDM2M2JjN2M0YzAiOnsiY3JlYXRlIjo2MDAwMDAwMDAwMDAsImRlbGV0ZSI6MTIwMDAwMDAwMDAwMH0sInNjaGVtYV92ZXJzaW9uIjoiMSJ9",
          "dependencies": [
            "aws_vpc.main",
            "data.aws_availability_zones.available"
          ]
        },
        {
          "index_key": 1,
          "schema_version": 1,
          "attributes": {
            "arn": "arn:aws:ec2:us-east-1:339713050718:subnet/subnet-048d1d6fecf286f7e",
            "assign_ipv6_address_on_creation": false,
            "availability_zone": "us-east-1b",
            "availability_zone_id": "use1-az4",
            "cidr_block": "10.50.11.0/24",
            "customer_owned_ipv4_pool": "",
            "enable_dns64": false,
            "enable_lni_at_device_index": 0,
            "enable_resource_name_dns_a_record_on_launch": false,
            "enable_resource_name_dns_aaaa_record_on_launch": false,
            "id": "subnet-048d1d6fecf286f7e",
            "ipv6_cidr_block": "",
            "ipv6_cidr_block_association_id": "",
            "ipv6_native": false,
            "map_customer_owned_ip_on_launch": false,
            "map_public_ip_on_launch": false,
            "outpost_arn": "",
            "owner_id": "339713050718",
            "private_dns_hostname_type_on_launch": "ip-name",
            "region": "us-east-1",
            "tags": {
              "Name": "moneysplit-private-1"
            },
            "tags_all": {
              "Name": "moneysplit-private-1"
            },
            "timeouts": null,
            "vpc_id": "vpc-0f48baf626eb75ee3"
          },
          "sensitive_attributes": [],
          "identity_schema_version": 0,
          "identity": {
            "account_id": "339713050718",
            "id": "subnet-048d1d6fecf286f7e",
            "region": "us-east-1"
          },
          "private": "eyJlMmJmYjczMC1lY2FhLTExZTYtOGY4OC0zNDM2M2JjN2M0YzAiOnsiY3JlYXRlIjo2MDAwMDAwMDAwMDAsImRlbGV0ZSI6MTIwMDAwMDAwMDAwMH0sInNjaGVtYV92ZXJzaW9uIjoiMSJ9",
          "dependencies": [
            "aws_vpc.main",
            "data.aws_availability_zones.available"
          ]
        }
      ]
    },
    {
      "mode": "managed",
      "type": "aws_subnet",
      "name": "public",
      "provider": "provider[\"registry.terraform.io/hashicorp/aws\"]",
      "instances": [
        {
          "index_key": 0,
          "schema_version": 1,
          "attributes": {
            "arn": "arn:aws:ec2:us-east-1:339713050718:subnet/subnet-0a778da7ada17a258",
            "assign_ipv6_address_on_creation": false,
            "availability_zone": "us-east-1a",
            "availability_zone_id": "use1-az2",
            "cidr_block": "10.50.0.0/24",
            "customer_owned_ipv4_pool": "",
            "enable_dns64": false,
            "enable_lni_at_device_index": 0,
            "enable_resource_name_dns_a_record_on_launch": false,
            "enable_resource_name_dns_aaaa_record_on_launch": false,
            "id": "subnet-0a778da7ada17a258",
            "ipv6_cidr_block": "",
            "ipv6_cidr_block_association_id": "",
            "ipv6_native": false,
            "map_customer_owned_ip_on_launch": false,
            "map_public_ip_on_launch": true,
            "outpost_arn": "",
            "owner_id": "339713050718",
            "private_dns_hostname_type_on_launch": "ip-name",
            "region": "us-east-1",
            "tags": {
              "Name": "moneysplit-public-0"
            },
            "tags_all": {
              "Name": "moneysplit-public-0"
            },
            "timeouts": null,
            "vpc_id": "vpc-0f48baf626eb75ee3"
          },
          "sensitive_attributes": [],
          "identity_schema_version": 0,
          "identity": {
            "account_id": "339713050718",
            "id": "subnet-0a778da7ada17a258",
            "region": "us-east-1"
          },
          "private": "eyJlMmJmYjczMC1lY2FhLTExZTYtOGY4OC0zNDM2M2JjN2M0YzAiOnsiY3JlYXRlIjo2MDAwMDAwMDAwMDAsImRlbGV0ZSI6MTIwMDAwMDAwMDAwMH0sInNjaGVtYV92ZXJzaW9uIjoiMSJ9",
          "dependencies": [
            "aws_vpc.main",
            "data.aws_availability_zones.available"
          ]
        },
        {
          "index_key": 1,
          "schema_version": 1,
          "attributes": {
            "arn": "arn:aws:ec2:us-east-1:339713050718:subnet/subnet-0297aa207bc05d975",
            "assign_ipv6_address_on_creation": false,
            "availability_zone": "us-east-1b",
            "availability_zone_id": "use1-az4",
            "cidr_block": "10.50.1.0/24",
            "customer_owned_ipv4_pool": "",
            "enable_dns64": false,
            "enable_lni_at_device_index": 0,
            "enable_resource_name_dns_a_record_on_launch": false,
            "enable_resource_name_dns_aaaa_record_on_launch": false,
            "id": "subnet-0297aa207bc05d975",
            "ipv6_cidr_block": "",
            "ipv6_cidr_block_association_id": "",
            "ipv6_native": false,
            "map_customer_owned_ip_on_launch": false,
            "map_public_ip_on_launch": true,
            "outpost_arn": "",
            "owner_id": "339713050718",
            "private_dns_hostname_type_on_launch": "ip-name",
            "region": "us-east-1",
            "tags": {
              "Name": "moneysplit-public-1"
            },
            "tags_all": {
              "Name": "moneysplit-public-1"
            },
            "timeouts": null,
            "vpc_id": "vpc-0f48baf626eb75ee3"
          },
          "sensitive_attributes": [],
          "identity_schema_version": 0,
          "identity": {
            "account_id": "339713050718",
            "id": "subnet-0297aa207bc05d975",
            "region": "us-east-1"
          },
          "private": "eyJlMmJmYjczMC1lY2FhLTExZTYtOGY4OC0zNDM2M2JjN2M0YzAiOnsiY3JlYXRlIjo2MDAwMDAwMDAwMDAsImRlbGV0ZSI6MTIwMDAwMDAwMDAwMH0sInNjaGVtYV92ZXJzaW9uIjoiMSJ9",
          "dependencies": [
            "aws_vpc.main",
            "data.aws_availability_zones.available"
          ]
        }
      ]
    },
    {
      "mode": "managed",
      "type": "aws_vpc",
      "name": "main",
      "provider": "provider[\"registry.terraform.io/hashicorp/aws\"]",
      "instances": [
        {
          "schema_version": 1,
          "attributes": {
            "arn": "arn:aws:ec2:us-east-1:339713050718:vpc/vpc-0f48baf626eb75ee3",
            "assign_generated_ipv6_cidr_block": false,
            "cidr_block": "10.50.0.0/16",
            "default_network_acl_id": "acl-0646c5a1816565c2f",
            "default_route_table_id": "rtb-04d15fad247abe24f",
            "default_security_group_id": "sg-023460b8429958bc7",
            "dhcp_options_id": "dopt-07a03c48b7027e103",
            "enable_dns_hostnames": true,
            "enable_dns_support": true,
            "enable_network_address_usage_metrics": false,
            "id": "vpc-0f48baf626eb75ee3",
            "instance_tenancy": "default",
            "ipv4_ipam_pool_id": null,
            "ipv4_netmask_length": null,
            "ipv6_association_id": "",
            "ipv6_cidr_block": "",
            "ipv6_cidr_block_network_border_group": "",
            "ipv6_ipam_pool_id": "",
            "ipv6_netmask_length": 0,
            "main_route_table_id": "rtb-04d15fad247abe24f",
            "owner_id": "339713050718",
            "region": "us-east-1",
            "tags": {
              "Name": "moneysplit-vpc"
            },
            "tags_all": {
              "Name": "moneysplit-vpc"
            }
          },
          "sensitive_attributes": [],
          "identity_schema_version": 0,
          "identity": {
            "account_id": "339713050718",
            "id": "vpc-0f48baf626eb75ee3",
            "region": "us-east-1"
          },
          "private": "eyJzY2hlbWFfdmVyc2lvbiI6IjEifQ=="
        }
      ]
    },
    {
      "mode": "managed",
      "type": "null_resource",
      "name": "build_lambda",
      "provider": "provider[\"registry.terraform.io/hashicorp/null\"]",
      "instances": [
        {
          "schema_version": 0,
          "attributes": {
            "id": "1693690233185582628",
            "triggers": {
              "src_hash": "3f169bef14ebd0986d10a8a6f8efe665225588ec9f4a2d7a48099c8f401c010f"
            }
          },
          "sensitive_attributes": [],
          "identity_schema_version": 0
        }
      ]
    }
  ],
  "check_results": null
}
